
Microsoft Visual Studio Solution File, Format Version 12.00
# Visual Studio Version 16
VisualStudioVersion = 16.0.31515.178
MinimumVisualStudioVersion = 10.0.40219.1
Project("{FAE04EC0-301F-11D3-BF4B-00C04F79EFBC}") = "MomentoDesignPattern", "MomentoDesignPattern.csproj", "{2CC0438E-0121-43B9-906D-58987AAAA73E}"
EndProject
Global
	GlobalSection(SolutionConfigurationPlatforms) = preSolution
		Debug|Any CPU = Debug|Any CPU
		Release|Any CPU = Release|Any CPU
	EndGlobalSection
	GlobalSection(ProjectConfigurationPlatforms) = postSolution
		{2CC0438E-0121-43B9-906D-58987AAAA73E}.Debug|Any CPU.ActiveCfg = Debug|Any CPU
		{2CC0438E-0121-43B9-906D-58987AAAA73E}.Debug|Any CPU.Build.0 = Debug|Any CPU
		{2CC0438E-0121-43B9-906D-58987AAAA73E}.Release|Any CPU.ActiveCfg = Release|Any CPU
		{2CC0438E-0121-43B9-906D-58987AAAA73E}.Release|Any CPU.Build.0 = Release|Any CPU
	EndGlobalSection
	GlobalSection(SolutionProperties) = preSolution
		HideSolutionNode = FALSE
	EndGlobalSection
	GlobalSection(ExtensibilityGlobals) = postSolution
		SolutionGuid = {F80F0C32-097F-4A13-9766-CDDAE99F8030}
	EndGlobalSection
EndGlobal
